
Microsoft Visual Studio Solution File, Format Version 12.00
# Visual Studio Version 17
VisualStudioVersion = 17.5.33502.453
MinimumVisualStudioVersion = 10.0.40219.1
Project("{FAE04EC0-301F-11D3-BF4B-00C04F79EFBC}") = "Bindecy", "Bindecy\Bindecy.csproj", "{DE0FD744-8AAB-458D-B2D7-653965AABE32}"
EndProject
Project("{FAE04EC0-301F-11D3-BF4B-00C04F79EFBC}") = "UnitTestProject1", "UnitTestProject1\UnitTestProject1.csproj", "{968BFFAD-6C44-4F78-BE30-01290BA22677}"
EndProject
Global
	GlobalSection(SolutionConfigurationPlatforms) = preSolution
		Debug|Any CPU = Debug|Any CPU
		Release|Any CPU = Release|Any CPU
	EndGlobalSection
	GlobalSection(ProjectConfigurationPlatforms) = postSolution
		{DE0FD744-8AAB-458D-B2D7-653965AABE32}.Debug|Any CPU.ActiveCfg = Debug|Any CPU
		{DE0FD744-8AAB-458D-B2D7-653965AABE32}.Debug|Any CPU.Build.0 = Debug|Any CPU
		{DE0FD744-8AAB-458D-B2D7-653965AABE32}.Release|Any CPU.ActiveCfg = Release|Any CPU
		{DE0FD744-8AAB-458D-B2D7-653965AABE32}.Release|Any CPU.Build.0 = Release|Any CPU
		{968BFFAD-6C44-4F78-BE30-01290BA22677}.Debug|Any CPU.ActiveCfg = Debug|Any CPU
		{968BFFAD-6C44-4F78-BE30-01290BA22677}.Debug|Any CPU.Build.0 = Debug|Any CPU
		{968BFFAD-6C44-4F78-BE30-01290BA22677}.Release|Any CPU.ActiveCfg = Release|Any CPU
		{968BFFAD-6C44-4F78-BE30-01290BA22677}.Release|Any CPU.Build.0 = Release|Any CPU
	EndGlobalSection
	GlobalSection(SolutionProperties) = preSolution
		HideSolutionNode = FALSE
	EndGlobalSection
	GlobalSection(ExtensibilityGlobals) = postSolution
		SolutionGuid = {E235131E-87D7-4BE3-8A79-256D87EBD7ED}
	EndGlobalSection
EndGlobal
